
Microsoft Visual Studio Solution File, Format Version 12.00
# Visual Studio Version 17
VisualStudioVersion = 17.9.34616.47
MinimumVisualStudioVersion = 10.0.40219.1
Project("{8BC9CEB8-8B4A-11D0-8D11-00A0C91BC942}") = "088_singlelinkedlist", "088_singlelinkedlist\088_singlelinkedlist.vcxproj", "{BEBF88C5-4B5E-4075-B284-0131122F3B06}"
EndProject
Global
	GlobalSection(SolutionConfigurationPlatforms) = preSolution
		Debug|x64 = Debug|x64
		Debug|x86 = Debug|x86
		Release|x64 = Release|x64
		Release|x86 = Release|x86
	EndGlobalSection
	GlobalSection(ProjectConfigurationPlatforms) = postSolution
		{BEBF88C5-4B5E-4075-B284-0131122F3B06}.Debug|x64.ActiveCfg = Debug|x64
		{BEBF88C5-4B5E-4075-B284-0131122F3B06}.Debug|x64.Build.0 = Debug|x64
		{BEBF88C5-4B5E-4075-B284-0131122F3B06}.Debug|x86.ActiveCfg = Debug|Win32
		{BEBF88C5-4B5E-4075-B284-0131122F3B06}.Debug|x86.Build.0 = Debug|Win32
		{BEBF88C5-4B5E-4075-B284-0131122F3B06}.Release|x64.ActiveCfg = Release|x64
		{BEBF88C5-4B5E-4075-B284-0131122F3B06}.Release|x64.Build.0 = Release|x64
		{BEBF88C5-4B5E-4075-B284-0131122F3B06}.Release|x86.ActiveCfg = Release|Win32
		{BEBF88C5-4B5E-4075-B284-0131122F3B06}.Release|x86.Build.0 = Release|Win32
	EndGlobalSection
	GlobalSection(SolutionProperties) = preSolution
		HideSolutionNode = FALSE
	EndGlobalSection
	GlobalSection(ExtensibilityGlobals) = postSolution
		SolutionGuid = {0D2D5A48-E965-4C6B-A8B8-24AECA382B2E}
	EndGlobalSection
EndGlobal
